
Microsoft Visual Studio Solution File, Format Version 12.00
# Visual Studio Version 17
VisualStudioVersion = 17.14.36623.8
MinimumVisualStudioVersion = 10.0.40219.1
Project("{FAE04EC0-301F-11D3-BF4B-00C04F79EFBC}") = "LexiContext.API", "LexiContext.API\LexiContext.API.csproj", "{09700BE6-6851-AF53-3BE3-90838CFDAA94}"
EndProject
Project("{FAE04EC0-301F-11D3-BF4B-00C04F79EFBC}") = "LexiContext.Application", "LexiContext.Application\LexiContext.Application.csproj", "{2CF49431-C2CB-932D-EFEF-ACED641D9955}"
EndProject
Project("{FAE04EC0-301F-11D3-BF4B-00C04F79EFBC}") = "LexiContext.Domain", "LexiContext.Domain\LexiContext.Domain.csproj", "{0BD7A83D-4E37-40FB-FCE8-EB611BC80307}"
EndProject
Project("{FAE04EC0-301F-11D3-BF4B-00C04F79EFBC}") = "LexiContext.Infrastructure", "LexiContext.Infrastructure\LexiContext.Infrastructure.csproj", "{7C515E0B-CF3C-6011-AC50-A525B7B41131}"
EndProject
Global
	GlobalSection(SolutionConfigurationPlatforms) = preSolution
		Debug|Any CPU = Debug|Any CPU
		Release|Any CPU = Release|Any CPU
	EndGlobalSection
	GlobalSection(ProjectConfigurationPlatforms) = postSolution
		{09700BE6-6851-AF53-3BE3-90838CFDAA94}.Debug|Any CPU.ActiveCfg = Debug|Any CPU
		{09700BE6-6851-AF53-3BE3-90838CFDAA94}.Debug|Any CPU.Build.0 = Debug|Any CPU
		{09700BE6-6851-AF53-3BE3-90838CFDAA94}.Release|Any CPU.ActiveCfg = Release|Any CPU
		{09700BE6-6851-AF53-3BE3-90838CFDAA94}.Release|Any CPU.Build.0 = Release|Any CPU
		{2CF49431-C2CB-932D-EFEF-ACED641D9955}.Debug|Any CPU.ActiveCfg = Debug|Any CPU
		{2CF49431-C2CB-932D-EFEF-ACED641D9955}.Debug|Any CPU.Build.0 = Debug|Any CPU
		{2CF49431-C2CB-932D-EFEF-ACED641D9955}.Release|Any CPU.ActiveCfg = Release|Any CPU
		{2CF49431-C2CB-932D-EFEF-ACED641D9955}.Release|Any CPU.Build.0 = Release|Any CPU
		{0BD7A83D-4E37-40FB-FCE8-EB611BC80307}.Debug|Any CPU.ActiveCfg = Debug|Any CPU
		{0BD7A83D-4E37-40FB-FCE8-EB611BC80307}.Debug|Any CPU.Build.0 = Debug|Any CPU
		{0BD7A83D-4E37-40FB-FCE8-EB611BC80307}.Release|Any CPU.ActiveCfg = Release|Any CPU
		{0BD7A83D-4E37-40FB-FCE8-EB611BC80307}.Release|Any CPU.Build.0 = Release|Any CPU
		{7C515E0B-CF3C-6011-AC50-A525B7B41131}.Debug|Any CPU.ActiveCfg = Debug|Any CPU
		{7C515E0B-CF3C-6011-AC50-A525B7B41131}.Debug|Any CPU.Build.0 = Debug|Any CPU
		{7C515E0B-CF3C-6011-AC50-A525B7B41131}.Release|Any CPU.ActiveCfg = Release|Any CPU
		{7C515E0B-CF3C-6011-AC50-A525B7B41131}.Release|Any CPU.Build.0 = Release|Any CPU
	EndGlobalSection
	GlobalSection(SolutionProperties) = preSolution
		HideSolutionNode = FALSE
	EndGlobalSection
	GlobalSection(ExtensibilityGlobals) = postSolution
		SolutionGuid = {2F223563-F35F-4668-B5F6-2D34B4B1042E}
	EndGlobalSection
EndGlobal
